
Microsoft Visual Studio Solution File, Format Version 12.00
# Visual Studio Version 16
VisualStudioVersion = 16.0.29613.14
MinimumVisualStudioVersion = 10.0.40219.1
Project("{FAE04EC0-301F-11D3-BF4B-00C04F79EFBC}") = "TestLgtm452", "TestLgtm452.csproj", "{F7B7ADD4-0BE6-4C37-9E64-1F3C60C3B619}"
EndProject
Project("{FAE04EC0-301F-11D3-BF4B-00C04F79EFBC}") = "BattleNetLib", "BattleNetLib\BattleNetLib.csproj", "{4E43ED70-D786-4D57-BD9C-162D1CD37B0D}"
EndProject
Global
	GlobalSection(SolutionConfigurationPlatforms) = preSolution
		Debug|Any CPU = Debug|Any CPU
		Release|Any CPU = Release|Any CPU
	EndGlobalSection
	GlobalSection(ProjectConfigurationPlatforms) = postSolution
		{F7B7ADD4-0BE6-4C37-9E64-1F3C60C3B619}.Debug|Any CPU.ActiveCfg = Debug|Any CPU
		{F7B7ADD4-0BE6-4C37-9E64-1F3C60C3B619}.Debug|Any CPU.Build.0 = Debug|Any CPU
		{F7B7ADD4-0BE6-4C37-9E64-1F3C60C3B619}.Release|Any CPU.ActiveCfg = Release|Any CPU
		{F7B7ADD4-0BE6-4C37-9E64-1F3C60C3B619}.Release|Any CPU.Build.0 = Release|Any CPU
		{4E43ED70-D786-4D57-BD9C-162D1CD37B0D}.Debug|Any CPU.ActiveCfg = Debug|Any CPU
		{4E43ED70-D786-4D57-BD9C-162D1CD37B0D}.Debug|Any CPU.Build.0 = Debug|Any CPU
		{4E43ED70-D786-4D57-BD9C-162D1CD37B0D}.Release|Any CPU.ActiveCfg = Release|Any CPU
		{4E43ED70-D786-4D57-BD9C-162D1CD37B0D}.Release|Any CPU.Build.0 = Release|Any CPU
	EndGlobalSection
	GlobalSection(SolutionProperties) = preSolution
		HideSolutionNode = FALSE
	EndGlobalSection
	GlobalSection(ExtensibilityGlobals) = postSolution
		SolutionGuid = {F9E8D9F9-E414-4E9B-8ACA-49FF6484FBD7}
	EndGlobalSection
EndGlobal
